# This file is automatically @generated by Poetry 2.1.1 and should not be changed by hand.

[[package]]
name = "argparse"
version = "1.4.0"
description = "Python command-line parsing library"
optional = false
python-versions = "*"
groups = ["main"]
files = [
    {file = "argparse-1.4.0-py2.py3-none-any.whl", hash = "sha256:c31647edb69fd3d465a847ea3157d37bed1f95f19760b11a47aa91c04b666314"},
    {file = "argparse-1.4.0.tar.gz", hash = "sha256:62b089a55be1d8949cd2bc7e0df0bddb9e028faefc8c32038cc84862aefdd6e4"},
]

[[package]]
name = "breez-sdk-liquid"
version = "0.7.2"
description = "Python language bindings for the Breez Liquid SDK"
optional = false
python-versions = "*"
groups = ["main"]
files = [
    {file = "breez_sdk_liquid-0.7.2-cp310-cp310-macosx_11_0_universal2.whl", hash = "sha256:f71174c82e7587cac56cbb53796d16d0cb0898c009784ce0b3b85daa15ac9968"},
    {file = "breez_sdk_liquid-0.7.2-cp310-cp310-manylinux_2_31_aarch64.whl", hash = "sha256:6e2963ed0dc9407de4dd8a40b6c68733480b9aac064c696819cbc3a46758e6fb"},
    {file = "breez_sdk_liquid-0.7.2-cp310-cp310-manylinux_2_31_x86_64.whl", hash = "sha256:f6a67d6e6ad7b87f69b15cbf914fad827ceef03dbe2b35a8d69a73981e728490"},
    {file = "breez_sdk_liquid-0.7.2-cp310-cp310-win32.whl", hash = "sha256:7e6d5bcd529a6f4bf1554910790a373f6d9b12829635de90414a6d9286db6d21"},
    {file = "breez_sdk_liquid-0.7.2-cp310-cp310-win_amd64.whl", hash = "sha256:0b26c67720f9ae9dc9dd830937efac51fb25d3ebc47a01ed2a85bbcb9ce41166"},
    {file = "breez_sdk_liquid-0.7.2-cp311-cp311-macosx_11_0_universal2.whl", hash = "sha256:5874b2dd14776bf3714ab24babab11f7ca7e723b5a8a1dde42d572218646be27"},
    {file = "breez_sdk_liquid-0.7.2-cp311-cp311-manylinux_2_31_aarch64.whl", hash = "sha256:2b396daf024fdef0f9c7086857720da1bcc2fb3d948d08b54c41527ed1232712"},
    {file = "breez_sdk_liquid-0.7.2-cp311-cp311-manylinux_2_31_x86_64.whl", hash = "sha256:c351e9ad672ac2653980e39ca6355a4df95e5d51d3a18e3164a7f5bb879d10d2"},
    {file = "breez_sdk_liquid-0.7.2-cp311-cp311-win32.whl", hash = "sha256:6d8ccffd0f588c8077852bb67bbf8ea1cbaaaceebc5c47088f679fccee91c7c8"},
    {file = "breez_sdk_liquid-0.7.2-cp311-cp311-win_amd64.whl", hash = "sha256:98f20d056a91e1cf8c272cd6fdbd7f295f291131d952bae602579e27066503f1"},
    {file = "breez_sdk_liquid-0.7.2-cp312-cp312-macosx_11_0_universal2.whl", hash = "sha256:26e729cc2ccd294eed9b07db2a437df6af1229af3451ab575a6199710eb761d9"},
    {file = "breez_sdk_liquid-0.7.2-cp312-cp312-manylinux_2_31_aarch64.whl", hash = "sha256:752dc7578f23fdd9c91e3b240edf4e4230498f13cf94f5fe3aaa1082bf0b82e3"},
    {file = "breez_sdk_liquid-0.7.2-cp312-cp312-manylinux_2_31_x86_64.whl", hash = "sha256:efc565c05fccf4615c38cfc4ed01c31973af0058a7f8a17b1dac193a2bb33bbd"},
    {file = "breez_sdk_liquid-0.7.2-cp312-cp312-win32.whl", hash = "sha256:25300ae097d7539ca07519722434e902f89bd2622c0081b06e3682ac4ec050d4"},
    {file = "breez_sdk_liquid-0.7.2-cp312-cp312-win_amd64.whl", hash = "sha256:3111a7cee3cfe929a00074313c4c238c199e9c4bd9788fee99cb49f153542042"},
    {file = "breez_sdk_liquid-0.7.2-cp38-cp38-macosx_11_0_universal2.whl", hash = "sha256:989dfe0429c9aef3cc3c9807438515571ed35ca905d4b3046895243a45b360cb"},
    {file = "breez_sdk_liquid-0.7.2-cp38-cp38-manylinux_2_31_aarch64.whl", hash = "sha256:dcaf280091e964dbc506ae0d6a745947a4af2c57c2f3fd82c2d285d6b05f9af5"},
    {file = "breez_sdk_liquid-0.7.2-cp38-cp38-manylinux_2_31_x86_64.whl", hash = "sha256:e008386a70df042c7a1735b24491741d5b767a4ee800da1db42e75103bd9df01"},
    {file = "breez_sdk_liquid-0.7.2-cp38-cp38-win32.whl", hash = "sha256:54a2db51688cdef881cf484f6eff099a0574f52f69a8c50202b83ea3c49ea11b"},
    {file = "breez_sdk_liquid-0.7.2-cp38-cp38-win_amd64.whl", hash = "sha256:86fb8f7d3bb8b3975ef505e47895cbfe932274a6bd73956a6b225d9fdaf387da"},
    {file = "breez_sdk_liquid-0.7.2-cp39-cp39-macosx_11_0_universal2.whl", hash = "sha256:037667693dbb300e7bbd840cfc7e4ba90e2981a2eeef958d60701986a39f5bb9"},
]

[[package]]
name = "colorama"
version = "0.4.6"
description = "Cross-platform colored terminal text."
optional = false
python-versions = "!=3.0.*,!=3.1.*,!=3.2.*,!=3.3.*,!=3.4.*,!=3.5.*,!=3.6.*,>=2.7"
groups = ["main"]
files = [
    {file = "colorama-0.4.6-py2.py3-none-any.whl", hash = "sha256:4f1d9991f5acc0ca119f9d443620b77f9d6b33703e51011c16baf57afb285fc6"},
    {file = "colorama-0.4.6.tar.gz", hash = "sha256:08695f5cb7ed6e0531a20572697297273c47b8cae5a63ffc6d6ed5c201be6e44"},
]

[[package]]
name = "mnemonic"
version = "0.21"
description = "Implementation of Bitcoin BIP-0039"
optional = false
python-versions = ">=3.8.1"
groups = ["main"]
files = [
    {file = "mnemonic-0.21-py3-none-any.whl", hash = "sha256:72dc9de16ec5ef47287237b9b6943da11647a03fe7cf1f139fc3d7c4a7439288"},
    {file = "mnemonic-0.21.tar.gz", hash = "sha256:1fe496356820984f45559b1540c80ff10de448368929b9c60a2b55744cc88acf"},
]

[[package]]
name = "pypng"
version = "0.20220715.0"
description = "Pure Python library for saving and loading PNG images"
optional = false
python-versions = "*"
groups = ["main"]
files = [
    {file = "pypng-0.20220715.0-py3-none-any.whl", hash = "sha256:4a43e969b8f5aaafb2a415536c1a8ec7e341cd6a3f957fd5b5f32a4cfeed902c"},
    {file = "pypng-0.20220715.0.tar.gz", hash = "sha256:739c433ba96f078315de54c0db975aee537cbc3e1d0ae4ed9aab0ca1e427e2c1"},
]

[[package]]
name = "qrcode"
version = "7.4.2"
description = "QR Code image generator"
optional = false
python-versions = ">=3.7"
groups = ["main"]
files = [
    {file = "qrcode-7.4.2-py3-none-any.whl", hash = "sha256:581dca7a029bcb2deef5d01068e39093e80ef00b4a61098a2182eac59d01643a"},
    {file = "qrcode-7.4.2.tar.gz", hash = "sha256:9dd969454827e127dbd93696b20747239e6d540e082937c90f14ac95b30f5845"},
]

[package.dependencies]
colorama = {version = "*", markers = "platform_system == \"Windows\""}
pypng = "*"
typing-extensions = "*"

[package.extras]
all = ["pillow (>=9.1.0)", "pytest", "pytest-cov", "tox", "zest.releaser[recommended]"]
dev = ["pytest", "pytest-cov", "tox"]
maintainer = ["zest.releaser[recommended]"]
pil = ["pillow (>=9.1.0)"]
test = ["coverage", "pytest"]

[[package]]
name = "typing-extensions"
version = "4.12.2"
description = "Backported and Experimental Type Hints for Python 3.8+"
optional = false
python-versions = ">=3.8"
groups = ["main"]
files = [
    {file = "typing_extensions-4.12.2-py3-none-any.whl", hash = "sha256:04e5ca0351e0f3f85c6853954072df659d0d13fac324d0072316b67d7794700d"},
    {file = "typing_extensions-4.12.2.tar.gz", hash = "sha256:1a7ead55c7e559dd4dee8856e3a88b41225abfe1ce8df57b7c13915fe121ffb8"},
]

[metadata]
lock-version = "2.1"
python-versions = "^3.8.1"
content-hash = "14a09ea0ec07620226770d7fb6aa0608351b9d670ca68e805bba8f7f3739c915"
