# This file is automatically @generated by Poetry 1.8.3 and should not be changed by hand.

[[package]]
name = "argparse"
version = "1.4.0"
description = "Python command-line parsing library"
optional = false
python-versions = "*"
files = [
    {file = "argparse-1.4.0-py2.py3-none-any.whl", hash = "sha256:c31647edb69fd3d465a847ea3157d37bed1f95f19760b11a47aa91c04b666314"},
    {file = "argparse-1.4.0.tar.gz", hash = "sha256:62b089a55be1d8949cd2bc7e0df0bddb9e028faefc8c32038cc84862aefdd6e4"},
]

[[package]]
name = "breez-sdk-liquid"
version = "0.3.2"
description = "Python language bindings for the Breez Liquid SDK"
optional = false
python-versions = "*"
files = [
    {file = "breez_sdk_liquid-0.3.2-cp310-cp310-macosx_11_0_universal2.whl", hash = "sha256:d0c9a264bd95f38defc4af74676672762479c2a4debfdb14b2510872353309b1"},
    {file = "breez_sdk_liquid-0.3.2-cp310-cp310-manylinux_2_31_aarch64.whl", hash = "sha256:ee51c0b63bf408c3ba2984b189c3d7e49e5396c1d9c127f538bf01fc338e3db4"},
    {file = "breez_sdk_liquid-0.3.2-cp310-cp310-manylinux_2_31_x86_64.whl", hash = "sha256:3037ba1d36785fd77ea7d34e189e5fa4b537d558b842874db8158f3af6ffdc76"},
    {file = "breez_sdk_liquid-0.3.2-cp310-cp310-win32.whl", hash = "sha256:7b6c41d0e1b845b3df24a4912a2e44454248e1d7e41e4c5fa6ed91b61363e554"},
    {file = "breez_sdk_liquid-0.3.2-cp310-cp310-win_amd64.whl", hash = "sha256:66a83a9a236dcaa050a79633a797cc62f4cd119046c0043dd44a05e0a455967e"},
    {file = "breez_sdk_liquid-0.3.2-cp311-cp311-macosx_11_0_universal2.whl", hash = "sha256:61ff6fba03b3b47bf6425f1f24e48e771d9896fbae178b248551d36eeb13eed1"},
    {file = "breez_sdk_liquid-0.3.2-cp311-cp311-manylinux_2_31_aarch64.whl", hash = "sha256:c2a5798e2eff3ad31e1161a2ecff65bf86534148a540b5ed315d2cf512311fa4"},
    {file = "breez_sdk_liquid-0.3.2-cp311-cp311-manylinux_2_31_x86_64.whl", hash = "sha256:a5c611189477a00e756280045e2efc608558c87ad787ce009de153f19ac101d0"},
    {file = "breez_sdk_liquid-0.3.2-cp311-cp311-win32.whl", hash = "sha256:e257536a19f7006ebe0ef720afde2f2091a69680c30310b8ecd60223651a7c01"},
    {file = "breez_sdk_liquid-0.3.2-cp311-cp311-win_amd64.whl", hash = "sha256:2c33cf72a455aeef08ba75169b788f208402a78b7d08c6092cccbda21056cd0f"},
    {file = "breez_sdk_liquid-0.3.2-cp312-cp312-macosx_11_0_universal2.whl", hash = "sha256:f43b7d864fa748994e307c95d3ef69504439a28bb56f388d498e7add6a4050be"},
    {file = "breez_sdk_liquid-0.3.2-cp312-cp312-manylinux_2_31_aarch64.whl", hash = "sha256:b6803aa136f97b52e458a751b007c5a4df74030c09f785fed372511c025dea54"},
    {file = "breez_sdk_liquid-0.3.2-cp312-cp312-manylinux_2_31_x86_64.whl", hash = "sha256:e8c919d38ef98cde7a6bb882737499792f956e509436fdfbd29132808af23a7a"},
    {file = "breez_sdk_liquid-0.3.2-cp312-cp312-win32.whl", hash = "sha256:b4238971eda2e888d56cf98a1607d94aed4ffa04a08a078a9034eeff2c66cabd"},
    {file = "breez_sdk_liquid-0.3.2-cp312-cp312-win_amd64.whl", hash = "sha256:443c9bf8b7aa962b0a168f887ffd28183a169eeb87fffc5f9cc40dc0d8ab3546"},
    {file = "breez_sdk_liquid-0.3.2-cp38-cp38-macosx_11_0_universal2.whl", hash = "sha256:ef32653d726995d23428b4bed5c5232b48a375c07d977fabd754785d5c3dc5e1"},
    {file = "breez_sdk_liquid-0.3.2-cp38-cp38-manylinux_2_31_aarch64.whl", hash = "sha256:b3985c170ecda7ff05762e8c9a138ccebbc8e9cda38d373dc3e403fee5652ae9"},
    {file = "breez_sdk_liquid-0.3.2-cp38-cp38-manylinux_2_31_x86_64.whl", hash = "sha256:182e53c9fc4b685f359de9f120d90d58a7f4dd9b3cdb212873309e888ce34ec9"},
    {file = "breez_sdk_liquid-0.3.2-cp38-cp38-win32.whl", hash = "sha256:ac301c9ab350d7ca39aea00b92a86bf096d44291328ed72b94ca010de37da947"},
    {file = "breez_sdk_liquid-0.3.2-cp38-cp38-win_amd64.whl", hash = "sha256:593bdb1fbb02b84d2a1a35cdb457d91ecbec73fa60bfad14bcfe96456623da93"},
    {file = "breez_sdk_liquid-0.3.2-cp39-cp39-macosx_11_0_universal2.whl", hash = "sha256:5437b55e4cdf383a263116a8a944e1f44c60b7e11a6acb4bafe814e266bfbbca"},
    {file = "breez_sdk_liquid-0.3.2-cp39-cp39-manylinux_2_31_aarch64.whl", hash = "sha256:317a7e026fac4cfaba4c4c7caed3cab83fbbfe09b9d20d2292e2a4073b2478bc"},
    {file = "breez_sdk_liquid-0.3.2-cp39-cp39-manylinux_2_31_x86_64.whl", hash = "sha256:672404f0a09d32b5b7ff85a39fbdc18c2ff9d97a71e870efc7d0cabeacba507c"},
    {file = "breez_sdk_liquid-0.3.2-cp39-cp39-win32.whl", hash = "sha256:98602f971d2478f43feccfcfd1e6f2b02584678f6b7a1b992d064e193e1899af"},
    {file = "breez_sdk_liquid-0.3.2-cp39-cp39-win_amd64.whl", hash = "sha256:f158594b123b2757f879e38a8b1773ca8e97fb2c2e5c2c04c2f4263e2ee1035a"},
]

[[package]]
name = "colorama"
version = "0.4.6"
description = "Cross-platform colored terminal text."
optional = false
python-versions = "!=3.0.*,!=3.1.*,!=3.2.*,!=3.3.*,!=3.4.*,!=3.5.*,!=3.6.*,>=2.7"
files = [
    {file = "colorama-0.4.6-py2.py3-none-any.whl", hash = "sha256:4f1d9991f5acc0ca119f9d443620b77f9d6b33703e51011c16baf57afb285fc6"},
    {file = "colorama-0.4.6.tar.gz", hash = "sha256:08695f5cb7ed6e0531a20572697297273c47b8cae5a63ffc6d6ed5c201be6e44"},
]

[[package]]
name = "mnemonic"
version = "0.21"
description = "Implementation of Bitcoin BIP-0039"
optional = false
python-versions = ">=3.8.1"
files = [
    {file = "mnemonic-0.21-py3-none-any.whl", hash = "sha256:72dc9de16ec5ef47287237b9b6943da11647a03fe7cf1f139fc3d7c4a7439288"},
    {file = "mnemonic-0.21.tar.gz", hash = "sha256:1fe496356820984f45559b1540c80ff10de448368929b9c60a2b55744cc88acf"},
]

[[package]]
name = "pypng"
version = "0.20220715.0"
description = "Pure Python library for saving and loading PNG images"
optional = false
python-versions = "*"
files = [
    {file = "pypng-0.20220715.0-py3-none-any.whl", hash = "sha256:4a43e969b8f5aaafb2a415536c1a8ec7e341cd6a3f957fd5b5f32a4cfeed902c"},
    {file = "pypng-0.20220715.0.tar.gz", hash = "sha256:739c433ba96f078315de54c0db975aee537cbc3e1d0ae4ed9aab0ca1e427e2c1"},
]

[[package]]
name = "qrcode"
version = "7.4.2"
description = "QR Code image generator"
optional = false
python-versions = ">=3.7"
files = [
    {file = "qrcode-7.4.2-py3-none-any.whl", hash = "sha256:581dca7a029bcb2deef5d01068e39093e80ef00b4a61098a2182eac59d01643a"},
    {file = "qrcode-7.4.2.tar.gz", hash = "sha256:9dd969454827e127dbd93696b20747239e6d540e082937c90f14ac95b30f5845"},
]

[package.dependencies]
colorama = {version = "*", markers = "platform_system == \"Windows\""}
pypng = "*"
typing-extensions = "*"

[package.extras]
all = ["pillow (>=9.1.0)", "pytest", "pytest-cov", "tox", "zest.releaser[recommended]"]
dev = ["pytest", "pytest-cov", "tox"]
maintainer = ["zest.releaser[recommended]"]
pil = ["pillow (>=9.1.0)"]
test = ["coverage", "pytest"]

[[package]]
name = "typing-extensions"
version = "4.12.2"
description = "Backported and Experimental Type Hints for Python 3.8+"
optional = false
python-versions = ">=3.8"
files = [
    {file = "typing_extensions-4.12.2-py3-none-any.whl", hash = "sha256:04e5ca0351e0f3f85c6853954072df659d0d13fac324d0072316b67d7794700d"},
    {file = "typing_extensions-4.12.2.tar.gz", hash = "sha256:1a7ead55c7e559dd4dee8856e3a88b41225abfe1ce8df57b7c13915fe121ffb8"},
]

[metadata]
lock-version = "2.0"
python-versions = "^3.8.1"
content-hash = "b223a923749ba615032fa904dbdf38eabe486552c1532198761abc7adc5dceb3"
