{
  "pins" : [
    {
      "identity" : "breez-sdk-liquid-swift",
      "kind" : "remoteSourceControl",
      "location" : "https://github.com/breez/breez-sdk-liquid-swift",
      "state" : {
        "revision" : "a8da385a693971abb3a6f797a47a14468bda4482",
        "version" : "0.3.1-dev4"
      }
    },
    {
      "identity" : "swift-argument-parser",
      "kind" : "remoteSourceControl",
      "location" : "https://github.com/apple/swift-argument-parser",
      "state" : {
        "revision" : "8f4d2753f0e4778c76d5f05ad16c74f707390531",
        "version" : "1.2.3"
      }
    }
  ],
  "version" : 2
}
