{
  "pins" : [
    {
      "identity" : "breez-sdk-liquid-swift",
      "kind" : "remoteSourceControl",
      "location" : "https://github.com/breez/breez-sdk-liquid-swift",
      "state" : {
        "revision" : "956af9ef344db6108c64c5d18faa803a70e2333e",
        "version" : "0.7.0-rc1"
      }
    },
    {
      "identity" : "swift-argument-parser",
      "kind" : "remoteSourceControl",
      "location" : "https://github.com/apple/swift-argument-parser",
      "state" : {
        "revision" : "8f4d2753f0e4778c76d5f05ad16c74f707390531",
        "version" : "1.2.3"
      }
    }
  ],
  "version" : 2
}
